
Microsoft Visual Studio Solution File, Format Version 12.00
# Visual Studio Version 16
VisualStudioVersion = 16.0.31019.35
MinimumVisualStudioVersion = 10.0.40219.1
Project("{FAE04EC0-301F-11D3-BF4B-00C04F79EFBC}") = "Firefly_WPF", "Firefly_WPF\Firefly_WPF.csproj", "{B12542B1-3284-4AC2-8731-5026BD76E7F9}"
EndProject
Project("{9A19103F-16F7-4668-BE54-9A1E7A4F7556}") = "FireflyUtility", "FireflyUtility\FireflyUtility.csproj", "{E3653472-3A07-4CE5-B101-C3F3EA9A28B6}"
EndProject
Project("{9A19103F-16F7-4668-BE54-9A1E7A4F7556}") = "ShaderLib", "ShaderLib\ShaderLib.csproj", "{E9F7A357-7DBB-4DFB-A332-F37D8077595A}"
EndProject
Project("{9A19103F-16F7-4668-BE54-9A1E7A4F7556}") = "ShaderGen", "ShaderGen\ShaderGen.csproj", "{4DAAFC5C-C097-4857-88BF-DBB2041490D9}"
EndProject
Global
	GlobalSection(SolutionConfigurationPlatforms) = preSolution
		Debug|Any CPU = Debug|Any CPU
		Debug|x64 = Debug|x64
		Release|Any CPU = Release|Any CPU
		Release|x64 = Release|x64
	EndGlobalSection
	GlobalSection(ProjectConfigurationPlatforms) = postSolution
		{B12542B1-3284-4AC2-8731-5026BD76E7F9}.Debug|Any CPU.ActiveCfg = Debug|Any CPU
		{B12542B1-3284-4AC2-8731-5026BD76E7F9}.Debug|Any CPU.Build.0 = Debug|Any CPU
		{B12542B1-3284-4AC2-8731-5026BD76E7F9}.Debug|x64.ActiveCfg = Debug|Any CPU
		{B12542B1-3284-4AC2-8731-5026BD76E7F9}.Debug|x64.Build.0 = Debug|Any CPU
		{B12542B1-3284-4AC2-8731-5026BD76E7F9}.Release|Any CPU.ActiveCfg = Release|Any CPU
		{B12542B1-3284-4AC2-8731-5026BD76E7F9}.Release|Any CPU.Build.0 = Release|Any CPU
		{B12542B1-3284-4AC2-8731-5026BD76E7F9}.Release|x64.ActiveCfg = Release|Any CPU
		{B12542B1-3284-4AC2-8731-5026BD76E7F9}.Release|x64.Build.0 = Release|Any CPU
		{E3653472-3A07-4CE5-B101-C3F3EA9A28B6}.Debug|Any CPU.ActiveCfg = Debug|Any CPU
		{E3653472-3A07-4CE5-B101-C3F3EA9A28B6}.Debug|Any CPU.Build.0 = Debug|Any CPU
		{E3653472-3A07-4CE5-B101-C3F3EA9A28B6}.Debug|x64.ActiveCfg = Debug|x64
		{E3653472-3A07-4CE5-B101-C3F3EA9A28B6}.Debug|x64.Build.0 = Debug|x64
		{E3653472-3A07-4CE5-B101-C3F3EA9A28B6}.Release|Any CPU.ActiveCfg = Release|Any CPU
		{E3653472-3A07-4CE5-B101-C3F3EA9A28B6}.Release|Any CPU.Build.0 = Release|Any CPU
		{E3653472-3A07-4CE5-B101-C3F3EA9A28B6}.Release|x64.ActiveCfg = Release|x64
		{E3653472-3A07-4CE5-B101-C3F3EA9A28B6}.Release|x64.Build.0 = Release|x64
		{E9F7A357-7DBB-4DFB-A332-F37D8077595A}.Debug|Any CPU.ActiveCfg = Debug|Any CPU
		{E9F7A357-7DBB-4DFB-A332-F37D8077595A}.Debug|Any CPU.Build.0 = Debug|Any CPU
		{E9F7A357-7DBB-4DFB-A332-F37D8077595A}.Debug|x64.ActiveCfg = Debug|x64
		{E9F7A357-7DBB-4DFB-A332-F37D8077595A}.Debug|x64.Build.0 = Debug|x64
		{E9F7A357-7DBB-4DFB-A332-F37D8077595A}.Release|Any CPU.ActiveCfg = Release|Any CPU
		{E9F7A357-7DBB-4DFB-A332-F37D8077595A}.Release|Any CPU.Build.0 = Release|Any CPU
		{E9F7A357-7DBB-4DFB-A332-F37D8077595A}.Release|x64.ActiveCfg = Release|x64
		{E9F7A357-7DBB-4DFB-A332-F37D8077595A}.Release|x64.Build.0 = Release|x64
		{4DAAFC5C-C097-4857-88BF-DBB2041490D9}.Debug|Any CPU.ActiveCfg = Debug|Any CPU
		{4DAAFC5C-C097-4857-88BF-DBB2041490D9}.Debug|Any CPU.Build.0 = Debug|Any CPU
		{4DAAFC5C-C097-4857-88BF-DBB2041490D9}.Debug|x64.ActiveCfg = Debug|x64
		{4DAAFC5C-C097-4857-88BF-DBB2041490D9}.Debug|x64.Build.0 = Debug|x64
		{4DAAFC5C-C097-4857-88BF-DBB2041490D9}.Release|Any CPU.ActiveCfg = Release|Any CPU
		{4DAAFC5C-C097-4857-88BF-DBB2041490D9}.Release|Any CPU.Build.0 = Release|Any CPU
		{4DAAFC5C-C097-4857-88BF-DBB2041490D9}.Release|x64.ActiveCfg = Release|x64
		{4DAAFC5C-C097-4857-88BF-DBB2041490D9}.Release|x64.Build.0 = Release|x64
	EndGlobalSection
	GlobalSection(SolutionProperties) = preSolution
		HideSolutionNode = FALSE
	EndGlobalSection
	GlobalSection(ExtensibilityGlobals) = postSolution
		SolutionGuid = {2842DFE6-D640-4B75-A770-C5C78935A21D}
	EndGlobalSection
EndGlobal
